
Microsoft Visual Studio Solution File, Format Version 12.00
# Visual Studio Version 16
VisualStudioVersion = 16.0.31112.23
MinimumVisualStudioVersion = 10.0.40219.1
Project("{FAE04EC0-301F-11D3-BF4B-00C04F79EFBC}") = "The Mountain Project", "The Mountain Project\The Mountain Project.csproj", "{15783A55-B711-44BE-BD25-AFF2C7AC7D32}"
EndProject
Global
	GlobalSection(SolutionConfigurationPlatforms) = preSolution
		Debug|Any CPU = Debug|Any CPU
		Release|Any CPU = Release|Any CPU
	EndGlobalSection
	GlobalSection(ProjectConfigurationPlatforms) = postSolution
		{15783A55-B711-44BE-BD25-AFF2C7AC7D32}.Debug|Any CPU.ActiveCfg = Debug|Any CPU
		{15783A55-B711-44BE-BD25-AFF2C7AC7D32}.Debug|Any CPU.Build.0 = Debug|Any CPU
		{15783A55-B711-44BE-BD25-AFF2C7AC7D32}.Release|Any CPU.ActiveCfg = Release|Any CPU
		{15783A55-B711-44BE-BD25-AFF2C7AC7D32}.Release|Any CPU.Build.0 = Release|Any CPU
	EndGlobalSection
	GlobalSection(SolutionProperties) = preSolution
		HideSolutionNode = FALSE
	EndGlobalSection
	GlobalSection(ExtensibilityGlobals) = postSolution
		SolutionGuid = {631F65F8-EC00-4A13-AD4A-76611518B0B6}
	EndGlobalSection
EndGlobal
